
Microsoft Visual Studio Solution File, Format Version 12.00
# Visual Studio 14
VisualStudioVersion = 14.0.23107.0
MinimumVisualStudioVersion = 10.0.40219.1
Project("{FAE04EC0-301F-11D3-BF4B-00C04F79EFBC}") = "01. Point3D", "01. Point3D\01. Point3D.csproj", "{F472710D-46D7-4C66-BAA3-BA365D06005B}"
EndProject
Project("{FAE04EC0-301F-11D3-BF4B-00C04F79EFBC}") = "02. HTML Dispatcher", "02. HTML Dispatcher (star)\02. HTML Dispatcher.csproj", "{55DB9572-4093-4CCF-8A10-1D16DE0C3BD4}"
EndProject
Global
	GlobalSection(SolutionConfigurationPlatforms) = preSolution
		Debug|Any CPU = Debug|Any CPU
		Release|Any CPU = Release|Any CPU
	EndGlobalSection
	GlobalSection(ProjectConfigurationPlatforms) = postSolution
		{F472710D-46D7-4C66-BAA3-BA365D06005B}.Debug|Any CPU.ActiveCfg = Debug|Any CPU
		{F472710D-46D7-4C66-BAA3-BA365D06005B}.Debug|Any CPU.Build.0 = Debug|Any CPU
		{F472710D-46D7-4C66-BAA3-BA365D06005B}.Release|Any CPU.ActiveCfg = Release|Any CPU
		{F472710D-46D7-4C66-BAA3-BA365D06005B}.Release|Any CPU.Build.0 = Release|Any CPU
		{55DB9572-4093-4CCF-8A10-1D16DE0C3BD4}.Debug|Any CPU.ActiveCfg = Debug|Any CPU
		{55DB9572-4093-4CCF-8A10-1D16DE0C3BD4}.Debug|Any CPU.Build.0 = Debug|Any CPU
		{55DB9572-4093-4CCF-8A10-1D16DE0C3BD4}.Release|Any CPU.ActiveCfg = Release|Any CPU
		{55DB9572-4093-4CCF-8A10-1D16DE0C3BD4}.Release|Any CPU.Build.0 = Release|Any CPU
	EndGlobalSection
	GlobalSection(SolutionProperties) = preSolution
		HideSolutionNode = FALSE
	EndGlobalSection
EndGlobal
